
Microsoft Visual Studio Solution File, Format Version 12.00
# Visual Studio Version 17
VisualStudioVersion = 17.7.34003.232
MinimumVisualStudioVersion = 10.0.40219.1
Project("{9A19103F-16F7-4668-BE54-9A1E7A4F7556}") = "Newsletter.API", "Newsletter.API\Newsletter.API.csproj", "{41D3B684-0F11-4212-B52B-4BB33A85393E}"
	ProjectSection(ProjectDependencies) = postProject
		{F2162D23-1D1C-4CB9-8AC2-A134D663B263} = {F2162D23-1D1C-4CB9-8AC2-A134D663B263}
	EndProjectSection
EndProject
Project("{9A19103F-16F7-4668-BE54-9A1E7A4F7556}") = "Domain", "Domain\Domain.csproj", "{7DE4336D-C9E5-4AD6-9AD3-3798ECC78B6D}"
EndProject
Project("{9A19103F-16F7-4668-BE54-9A1E7A4F7556}") = "Application", "Application\Application.csproj", "{7DA47648-2AA9-41FF-9542-6BACFA3B9B26}"
EndProject
Project("{9A19103F-16F7-4668-BE54-9A1E7A4F7556}") = "Infrastructure", "Infrastructure\Infrastructure.csproj", "{F2162D23-1D1C-4CB9-8AC2-A134D663B263}"
EndProject
Project("{E53339B2-1760-4266-BCC7-CA923CBCF16C}") = "docker-compose", "docker-compose.dcproj", "{F48BC205-1789-4615-B23F-AB0EE5A73437}"
EndProject
Global
	GlobalSection(SolutionConfigurationPlatforms) = preSolution
		Debug|Any CPU = Debug|Any CPU
		Release|Any CPU = Release|Any CPU
	EndGlobalSection
	GlobalSection(ProjectConfigurationPlatforms) = postSolution
		{41D3B684-0F11-4212-B52B-4BB33A85393E}.Debug|Any CPU.ActiveCfg = Debug|Any CPU
		{41D3B684-0F11-4212-B52B-4BB33A85393E}.Debug|Any CPU.Build.0 = Debug|Any CPU
		{41D3B684-0F11-4212-B52B-4BB33A85393E}.Release|Any CPU.ActiveCfg = Release|Any CPU
		{41D3B684-0F11-4212-B52B-4BB33A85393E}.Release|Any CPU.Build.0 = Release|Any CPU
		{7DE4336D-C9E5-4AD6-9AD3-3798ECC78B6D}.Debug|Any CPU.ActiveCfg = Debug|Any CPU
		{7DE4336D-C9E5-4AD6-9AD3-3798ECC78B6D}.Debug|Any CPU.Build.0 = Debug|Any CPU
		{7DE4336D-C9E5-4AD6-9AD3-3798ECC78B6D}.Release|Any CPU.ActiveCfg = Release|Any CPU
		{7DE4336D-C9E5-4AD6-9AD3-3798ECC78B6D}.Release|Any CPU.Build.0 = Release|Any CPU
		{7DA47648-2AA9-41FF-9542-6BACFA3B9B26}.Debug|Any CPU.ActiveCfg = Debug|Any CPU
		{7DA47648-2AA9-41FF-9542-6BACFA3B9B26}.Debug|Any CPU.Build.0 = Debug|Any CPU
		{7DA47648-2AA9-41FF-9542-6BACFA3B9B26}.Release|Any CPU.ActiveCfg = Release|Any CPU
		{7DA47648-2AA9-41FF-9542-6BACFA3B9B26}.Release|Any CPU.Build.0 = Release|Any CPU
		{F2162D23-1D1C-4CB9-8AC2-A134D663B263}.Debug|Any CPU.ActiveCfg = Debug|Any CPU
		{F2162D23-1D1C-4CB9-8AC2-A134D663B263}.Debug|Any CPU.Build.0 = Debug|Any CPU
		{F2162D23-1D1C-4CB9-8AC2-A134D663B263}.Release|Any CPU.ActiveCfg = Release|Any CPU
		{F2162D23-1D1C-4CB9-8AC2-A134D663B263}.Release|Any CPU.Build.0 = Release|Any CPU
		{F48BC205-1789-4615-B23F-AB0EE5A73437}.Debug|Any CPU.ActiveCfg = Debug|Any CPU
		{F48BC205-1789-4615-B23F-AB0EE5A73437}.Debug|Any CPU.Build.0 = Debug|Any CPU
		{F48BC205-1789-4615-B23F-AB0EE5A73437}.Release|Any CPU.ActiveCfg = Release|Any CPU
		{F48BC205-1789-4615-B23F-AB0EE5A73437}.Release|Any CPU.Build.0 = Release|Any CPU
	EndGlobalSection
	GlobalSection(SolutionProperties) = preSolution
		HideSolutionNode = FALSE
	EndGlobalSection
	GlobalSection(ExtensibilityGlobals) = postSolution
		SolutionGuid = {E37AA91F-49EF-460A-B68E-3B42CE813214}
	EndGlobalSection
EndGlobal
